
Microsoft Visual Studio Solution File, Format Version 12.00
# Visual Studio Version 17
VisualStudioVersion = 17.10.34928.147
MinimumVisualStudioVersion = 10.0.40219.1
Project("{9A19103F-16F7-4668-BE54-9A1E7A4F7556}") = "MyStore.Wb", "MyStore.Wb\MyStore.Wb.csproj", "{C3523476-C989-4698-B12A-40AE8F642D40}"
EndProject
Project("{9A19103F-16F7-4668-BE54-9A1E7A4F7556}") = "MyStore.Data", "MyStore.Data\MyStore.Data.csproj", "{B62965A9-72EB-44B4-91A7-6F69955C4740}"
EndProject
Project("{9A19103F-16F7-4668-BE54-9A1E7A4F7556}") = "MyStore.Models", "MyStore.Models\MyStore.Models.csproj", "{C9253FB4-E300-4C63-A1B8-54F8540B3E58}"
EndProject
Project("{9A19103F-16F7-4668-BE54-9A1E7A4F7556}") = "MyStore.Utilities", "MyStore.Utilities\MyStore.Utilities.csproj", "{246FEA11-037E-4229-B0EA-814424F4EF42}"
EndProject
Global
	GlobalSection(SolutionConfigurationPlatforms) = preSolution
		Debug|Any CPU = Debug|Any CPU
		Release|Any CPU = Release|Any CPU
	EndGlobalSection
	GlobalSection(ProjectConfigurationPlatforms) = postSolution
		{C3523476-C989-4698-B12A-40AE8F642D40}.Debug|Any CPU.ActiveCfg = Debug|Any CPU
		{C3523476-C989-4698-B12A-40AE8F642D40}.Debug|Any CPU.Build.0 = Debug|Any CPU
		{C3523476-C989-4698-B12A-40AE8F642D40}.Release|Any CPU.ActiveCfg = Release|Any CPU
		{C3523476-C989-4698-B12A-40AE8F642D40}.Release|Any CPU.Build.0 = Release|Any CPU
		{B62965A9-72EB-44B4-91A7-6F69955C4740}.Debug|Any CPU.ActiveCfg = Debug|Any CPU
		{B62965A9-72EB-44B4-91A7-6F69955C4740}.Debug|Any CPU.Build.0 = Debug|Any CPU
		{B62965A9-72EB-44B4-91A7-6F69955C4740}.Release|Any CPU.ActiveCfg = Release|Any CPU
		{B62965A9-72EB-44B4-91A7-6F69955C4740}.Release|Any CPU.Build.0 = Release|Any CPU
		{C9253FB4-E300-4C63-A1B8-54F8540B3E58}.Debug|Any CPU.ActiveCfg = Debug|Any CPU
		{C9253FB4-E300-4C63-A1B8-54F8540B3E58}.Debug|Any CPU.Build.0 = Debug|Any CPU
		{C9253FB4-E300-4C63-A1B8-54F8540B3E58}.Release|Any CPU.ActiveCfg = Release|Any CPU
		{C9253FB4-E300-4C63-A1B8-54F8540B3E58}.Release|Any CPU.Build.0 = Release|Any CPU
		{246FEA11-037E-4229-B0EA-814424F4EF42}.Debug|Any CPU.ActiveCfg = Debug|Any CPU
		{246FEA11-037E-4229-B0EA-814424F4EF42}.Debug|Any CPU.Build.0 = Debug|Any CPU
		{246FEA11-037E-4229-B0EA-814424F4EF42}.Release|Any CPU.ActiveCfg = Release|Any CPU
		{246FEA11-037E-4229-B0EA-814424F4EF42}.Release|Any CPU.Build.0 = Release|Any CPU
	EndGlobalSection
	GlobalSection(SolutionProperties) = preSolution
		HideSolutionNode = FALSE
	EndGlobalSection
	GlobalSection(ExtensibilityGlobals) = postSolution
		SolutionGuid = {F8C2EDDC-8AD8-4B1F-89A9-76849525CF58}
	EndGlobalSection
EndGlobal
